
Microsoft Visual Studio Solution File, Format Version 12.00
# Visual Studio Version 16
VisualStudioVersion = 16.0.29230.47
MinimumVisualStudioVersion = 10.0.40219.1
Project("{FAE04EC0-301F-11D3-BF4B-00C04F79EFBC}") = "Mibar7.9", "Mibar7.9\Mibar7.9.csproj", "{C0652714-9A90-4C3F-8C4E-D29E0E8B7259}"
EndProject
Global
	GlobalSection(SolutionConfigurationPlatforms) = preSolution
		Debug|Any CPU = Debug|Any CPU
		Release|Any CPU = Release|Any CPU
	EndGlobalSection
	GlobalSection(ProjectConfigurationPlatforms) = postSolution
		{C0652714-9A90-4C3F-8C4E-D29E0E8B7259}.Debug|Any CPU.ActiveCfg = Debug|Any CPU
		{C0652714-9A90-4C3F-8C4E-D29E0E8B7259}.Debug|Any CPU.Build.0 = Debug|Any CPU
		{C0652714-9A90-4C3F-8C4E-D29E0E8B7259}.Release|Any CPU.ActiveCfg = Release|Any CPU
		{C0652714-9A90-4C3F-8C4E-D29E0E8B7259}.Release|Any CPU.Build.0 = Release|Any CPU
	EndGlobalSection
	GlobalSection(SolutionProperties) = preSolution
		HideSolutionNode = FALSE
	EndGlobalSection
	GlobalSection(ExtensibilityGlobals) = postSolution
		SolutionGuid = {527B797B-D9A8-45A7-A6F6-310FF84F929A}
	EndGlobalSection
EndGlobal
